
Microsoft Visual Studio Solution File, Format Version 12.00
# Visual Studio 2013
VisualStudioVersion = 12.0.21005.1
MinimumVisualStudioVersion = 10.0.40219.1
Project("{FAE04EC0-301F-11D3-BF4B-00C04F79EFBC}") = "LifeInsuranceWeb", "LifeInsuranceWeb\LifeInsuranceWeb.csproj", "{AA9131F2-8113-460A-82DD-FC9F2B76C057}"
EndProject
Project("{FAE04EC0-301F-11D3-BF4B-00C04F79EFBC}") = "LifeInsuranceWeb.Tests", "LifeInsuranceWeb.Tests\LifeInsuranceWeb.Tests.csproj", "{648D95F1-DEDD-4DA8-A31E-A3F1B9F1D338}"
EndProject
Global
	GlobalSection(SolutionConfigurationPlatforms) = preSolution
		Debug|Any CPU = Debug|Any CPU
		Release|Any CPU = Release|Any CPU
	EndGlobalSection
	GlobalSection(ProjectConfigurationPlatforms) = postSolution
		{AA9131F2-8113-460A-82DD-FC9F2B76C057}.Debug|Any CPU.ActiveCfg = Debug|Any CPU
		{AA9131F2-8113-460A-82DD-FC9F2B76C057}.Debug|Any CPU.Build.0 = Debug|Any CPU
		{AA9131F2-8113-460A-82DD-FC9F2B76C057}.Release|Any CPU.ActiveCfg = Release|Any CPU
		{AA9131F2-8113-460A-82DD-FC9F2B76C057}.Release|Any CPU.Build.0 = Release|Any CPU
		{648D95F1-DEDD-4DA8-A31E-A3F1B9F1D338}.Debug|Any CPU.ActiveCfg = Debug|Any CPU
		{648D95F1-DEDD-4DA8-A31E-A3F1B9F1D338}.Debug|Any CPU.Build.0 = Debug|Any CPU
		{648D95F1-DEDD-4DA8-A31E-A3F1B9F1D338}.Release|Any CPU.ActiveCfg = Release|Any CPU
		{648D95F1-DEDD-4DA8-A31E-A3F1B9F1D338}.Release|Any CPU.Build.0 = Release|Any CPU
	EndGlobalSection
	GlobalSection(SolutionProperties) = preSolution
		HideSolutionNode = FALSE
	EndGlobalSection
EndGlobal
